
Microsoft Visual Studio Solution File, Format Version 12.00
# Visual Studio Version 17
VisualStudioVersion = 17.0.31903.59
MinimumVisualStudioVersion = 10.0.40219.1
Project("{FAE04EC0-301F-11D3-BF4B-00C04F79EFBC}") = "MainApp", "MainApp\MainApp.csproj", "{5CB873D9-07CF-4ABA-8673-DF48AD7F7D02}"
EndProject
Project("{FAE04EC0-301F-11D3-BF4B-00C04F79EFBC}") = "Infrastructure", "Infrastructure\Infrastructure.csproj", "{037A6913-2385-47F2-99C4-DCAE7C940E7A}"
EndProject
Project("{FAE04EC0-301F-11D3-BF4B-00C04F79EFBC}") = "Domain", "Domain\Domain.csproj", "{BA2EB7C5-B74E-4134-85CF-A54F4000C35E}"
EndProject
Global
	GlobalSection(SolutionConfigurationPlatforms) = preSolution
		Debug|Any CPU = Debug|Any CPU
		Release|Any CPU = Release|Any CPU
	EndGlobalSection
	GlobalSection(SolutionProperties) = preSolution
		HideSolutionNode = FALSE
	EndGlobalSection
	GlobalSection(ProjectConfigurationPlatforms) = postSolution
		{5CB873D9-07CF-4ABA-8673-DF48AD7F7D02}.Debug|Any CPU.ActiveCfg = Debug|Any CPU
		{5CB873D9-07CF-4ABA-8673-DF48AD7F7D02}.Debug|Any CPU.Build.0 = Debug|Any CPU
		{5CB873D9-07CF-4ABA-8673-DF48AD7F7D02}.Release|Any CPU.ActiveCfg = Release|Any CPU
		{5CB873D9-07CF-4ABA-8673-DF48AD7F7D02}.Release|Any CPU.Build.0 = Release|Any CPU
		{037A6913-2385-47F2-99C4-DCAE7C940E7A}.Debug|Any CPU.ActiveCfg = Debug|Any CPU
		{037A6913-2385-47F2-99C4-DCAE7C940E7A}.Debug|Any CPU.Build.0 = Debug|Any CPU
		{037A6913-2385-47F2-99C4-DCAE7C940E7A}.Release|Any CPU.ActiveCfg = Release|Any CPU
		{037A6913-2385-47F2-99C4-DCAE7C940E7A}.Release|Any CPU.Build.0 = Release|Any CPU
		{BA2EB7C5-B74E-4134-85CF-A54F4000C35E}.Debug|Any CPU.ActiveCfg = Debug|Any CPU
		{BA2EB7C5-B74E-4134-85CF-A54F4000C35E}.Debug|Any CPU.Build.0 = Debug|Any CPU
		{BA2EB7C5-B74E-4134-85CF-A54F4000C35E}.Release|Any CPU.ActiveCfg = Release|Any CPU
		{BA2EB7C5-B74E-4134-85CF-A54F4000C35E}.Release|Any CPU.Build.0 = Release|Any CPU
	EndGlobalSection
EndGlobal
